
Microsoft Visual Studio Solution File, Format Version 12.00
# Visual Studio Version 17
VisualStudioVersion = 17.14.36327.8 d17.14
MinimumVisualStudioVersion = 10.0.40219.1
Project("{FAE04EC0-301F-11D3-BF4B-00C04F79EFBC}") = "Triangle Type Identifier", "Triangle Type Identifier.csproj", "{CC88EB8E-5132-4CFB-8F39-A27B0769BF21}"
EndProject
Global
	GlobalSection(SolutionConfigurationPlatforms) = preSolution
		Debug|Any CPU = Debug|Any CPU
		Release|Any CPU = Release|Any CPU
	EndGlobalSection
	GlobalSection(ProjectConfigurationPlatforms) = postSolution
		{CC88EB8E-5132-4CFB-8F39-A27B0769BF21}.Debug|Any CPU.ActiveCfg = Debug|Any CPU
		{CC88EB8E-5132-4CFB-8F39-A27B0769BF21}.Debug|Any CPU.Build.0 = Debug|Any CPU
		{CC88EB8E-5132-4CFB-8F39-A27B0769BF21}.Release|Any CPU.ActiveCfg = Release|Any CPU
		{CC88EB8E-5132-4CFB-8F39-A27B0769BF21}.Release|Any CPU.Build.0 = Release|Any CPU
	EndGlobalSection
	GlobalSection(SolutionProperties) = preSolution
		HideSolutionNode = FALSE
	EndGlobalSection
	GlobalSection(ExtensibilityGlobals) = postSolution
		SolutionGuid = {2D284EFB-DD4F-41B2-A863-8B8B47689DC1}
	EndGlobalSection
EndGlobal
