
Microsoft Visual Studio Solution File, Format Version 12.00
# Visual Studio Version 17
VisualStudioVersion = 17.14.36327.8 d17.14
MinimumVisualStudioVersion = 10.0.40219.1
Project("{FAE04EC0-301F-11D3-BF4B-00C04F79EFBC}") = "Grade Calculator", "Grade Calculator.csproj", "{0F2A8749-1884-4176-AF58-74642B139626}"
EndProject
Global
	GlobalSection(SolutionConfigurationPlatforms) = preSolution
		Debug|Any CPU = Debug|Any CPU
		Release|Any CPU = Release|Any CPU
	EndGlobalSection
	GlobalSection(ProjectConfigurationPlatforms) = postSolution
		{0F2A8749-1884-4176-AF58-74642B139626}.Debug|Any CPU.ActiveCfg = Debug|Any CPU
		{0F2A8749-1884-4176-AF58-74642B139626}.Debug|Any CPU.Build.0 = Debug|Any CPU
		{0F2A8749-1884-4176-AF58-74642B139626}.Release|Any CPU.ActiveCfg = Release|Any CPU
		{0F2A8749-1884-4176-AF58-74642B139626}.Release|Any CPU.Build.0 = Release|Any CPU
	EndGlobalSection
	GlobalSection(SolutionProperties) = preSolution
		HideSolutionNode = FALSE
	EndGlobalSection
	GlobalSection(ExtensibilityGlobals) = postSolution
		SolutionGuid = {721A5E74-CB7D-4884-84B7-B4C1FBD5E5E0}
	EndGlobalSection
EndGlobal
